{
  "name": "java",
  "version": "1.0.0",
  "lockfileVersion": 3,
  "requires": true,
  "packages": {
    "": {
      "name": "java",
      "version": "1.0.0",
      "license": "ISC",
      "dependencies": {
        "prettier-plugin-java": "^2.10.3"
      }
    },
    "node_modules/prettier": {
      "version": "3.9.6",
      "resolved": "https://npmjs.artifacts.twilio.com/artifactory/api/npm/virtual-npm-twilio/prettier/-/prettier-3.9.6.tgz",
      "integrity": "sha512-OpN0zzVdiaiAhxpuuj5efpIS4sY9j7bY6uR5mnj5yPzGkdkjNKSJeUThPb60Jw29QuAZgA4o+/iB49kFiaBX6g==",
      "license": "MIT",
      "peer": true,
      "bin": {
        "prettier": "bin/prettier.cjs"
      },
      "engines": {
        "node": ">=14"
      },
      "funding": {
        "url": "https://github.com/prettier/prettier?sponsor=1"
      }
    },
    "node_modules/prettier-plugin-java": {
      "version": "2.10.3",
      "resolved": "https://npmjs.artifacts.twilio.com/artifactory/api/npm/virtual-npm-twilio/prettier-plugin-java/-/prettier-plugin-java-2.10.3.tgz",
      "integrity": "sha512-/g52mTbsN2ee8JjLRpBWGGmcmRhdv2zRWyj4QbsL9CQ+nKR022GRJhebwEpRyaCc8hLV6aO3JPGNQyXp1DPrCA==",
      "license": "Apache-2.0",
      "dependencies": {
        "web-tree-sitter": "0.26.11"
      },
      "peerDependencies": {
        "prettier": "^3.0.0"
      }
    },
    "node_modules/web-tree-sitter": {
      "version": "0.26.11",
      "resolved": "https://npmjs.artifacts.twilio.com/artifactory/api/npm/virtual-npm-twilio/web-tree-sitter/-/web-tree-sitter-0.26.11.tgz",
      "integrity": "sha512-Q5Dm3YTIXSXuH6FxX6RuzX2Qwpc4DPGiYMU87Wg5Z8OIStiQFiUex4zMDc0vBTw78EphaYJacncJghCHzbZptg==",
      "license": "MIT"
    }
  }
}
